
Microsoft Visual Studio Solution File, Format Version 12.00
# Visual Studio Version 16
VisualStudioVersion = 16.0.28803.452
MinimumVisualStudioVersion = 10.0.40219.1
Project("{FAE04EC0-301F-11D3-BF4B-00C04F79EFBC}") = "PDMTreino", "PDMTreino\PDMTreino.csproj", "{8ED62CB6-0545-47D8-92EE-F48559F68785}"
EndProject
Project("{FAE04EC0-301F-11D3-BF4B-00C04F79EFBC}") = "PDMPredicao", "PDMPredicao\PDMPredicao.csproj", "{D56DADD9-2C3D-42FC-BB29-DDD90FB63AD0}"
EndProject
Global
	GlobalSection(SolutionConfigurationPlatforms) = preSolution
		Debug|Any CPU = Debug|Any CPU
		Release|Any CPU = Release|Any CPU
	EndGlobalSection
	GlobalSection(ProjectConfigurationPlatforms) = postSolution
		{8ED62CB6-0545-47D8-92EE-F48559F68785}.Debug|Any CPU.ActiveCfg = Debug|Any CPU
		{8ED62CB6-0545-47D8-92EE-F48559F68785}.Debug|Any CPU.Build.0 = Debug|Any CPU
		{8ED62CB6-0545-47D8-92EE-F48559F68785}.Release|Any CPU.ActiveCfg = Release|Any CPU
		{8ED62CB6-0545-47D8-92EE-F48559F68785}.Release|Any CPU.Build.0 = Release|Any CPU
		{D56DADD9-2C3D-42FC-BB29-DDD90FB63AD0}.Debug|Any CPU.ActiveCfg = Debug|Any CPU
		{D56DADD9-2C3D-42FC-BB29-DDD90FB63AD0}.Debug|Any CPU.Build.0 = Debug|Any CPU
		{D56DADD9-2C3D-42FC-BB29-DDD90FB63AD0}.Release|Any CPU.ActiveCfg = Release|Any CPU
		{D56DADD9-2C3D-42FC-BB29-DDD90FB63AD0}.Release|Any CPU.Build.0 = Release|Any CPU
	EndGlobalSection
	GlobalSection(SolutionProperties) = preSolution
		HideSolutionNode = FALSE
	EndGlobalSection
	GlobalSection(ExtensibilityGlobals) = postSolution
		SolutionGuid = {44BCBEE6-BF69-4608-92F8-7008D7346BA8}
	EndGlobalSection
EndGlobal
